// !$*UTF8*$!
{
	archiveVersion = 1;
	classes = {
	};
	objectVersion = 55;
	objects = {

/* Begin PBXBuildFile section */
		26379B6228F27B790028E76F /* splash.json in Resources */ = {isa = PBXBuildFile; fileRef = 26379B6028F27B790028E76F /* splash.json */; };
		26379B6328F27B790028E76F /* loading.json in Resources */ = {isa = PBXBuildFile; fileRef = 26379B6128F27B790028E76F /* loading.json */; };
		2643FF0C28F1741100EF73E6 /* EmailSender.swift in Sources */ = {isa = PBXBuildFile; fileRef = 2643FF0B28F1741100EF73E6 /* EmailSender.swift */; };
		2643FF0F28F174EB00EF73E6 /* PolicyView.swift in Sources */ = {isa = PBXBuildFile; fileRef = 2643FF0E28F174EB00EF73E6 /* PolicyView.swift */; };
		2643FF1128F174F200EF73E6 /* PolicyViewModel.swift in Sources */ = {isa = PBXBuildFile; fileRef = 2643FF1028F174F200EF73E6 /* PolicyViewModel.swift */; };
		2643FF1428F1750500EF73E6 /* DevInfoView.swift in Sources */ = {isa = PBXBuildFile; fileRef = 2643FF1328F1750500EF73E6 /* DevInfoView.swift */; };
		2643FF1628F1750A00EF73E6 /* DevInfoViewModel.swift in Sources */ = {isa = PBXBuildFile; fileRef = 2643FF1528F1750A00EF73E6 /* DevInfoViewModel.swift */; };
		2643FF1828F1791A00EF73E6 /* policy.html in Resources */ = {isa = PBXBuildFile; fileRef = 2643FF1728F1791A00EF73E6 /* policy.html */; };
		2643FF1A28F17A3B00EF73E6 /* WebView.swift in Sources */ = {isa = PBXBuildFile; fileRef = 2643FF1928F17A3B00EF73E6 /* WebView.swift */; };
		2643FF1F28F17D6E00EF73E6 /* SendEmailView.swift in Sources */ = {isa = PBXBuildFile; fileRef = 2643FF1E28F17D6E00EF73E6 /* SendEmailView.swift */; };
		2643FF2128F17D7600EF73E6 /* SendEmailViewModel.swift in Sources */ = {isa = PBXBuildFile; fileRef = 2643FF2028F17D7600EF73E6 /* SendEmailViewModel.swift */; };
		26498BDC28F28D7E00E89FB2 /* LottieView.swift in Sources */ = {isa = PBXBuildFile; fileRef = 26498BDB28F28D7E00E89FB2 /* LottieView.swift */; };
		26498BDE28F28E6B00E89FB2 /* ProgressView.swift in Sources */ = {isa = PBXBuildFile; fileRef = 26498BDD28F28E6B00E89FB2 /* ProgressView.swift */; };
		26498BE128F296DA00E89FB2 /* AlertView.swift in Sources */ = {isa = PBXBuildFile; fileRef = 26498BE028F296DA00E89FB2 /* AlertView.swift */; };
		26498BE328F296E600E89FB2 /* AlertViewModel.swift in Sources */ = {isa = PBXBuildFile; fileRef = 26498BE228F296E600E89FB2 /* AlertViewModel.swift */; };
		26517B1E28F2FF1500F2C280 /* NotiSettingView.swift in Sources */ = {isa = PBXBuildFile; fileRef = 26517B1D28F2FF1500F2C280 /* NotiSettingView.swift */; };
		26517B2028F2FF1C00F2C280 /* NotiSettingViewModel.swift in Sources */ = {isa = PBXBuildFile; fileRef = 26517B1F28F2FF1C00F2C280 /* NotiSettingViewModel.swift */; };
		2656A86D28F122C400140B8B /* Api.swift in Sources */ = {isa = PBXBuildFile; fileRef = 2656A86C28F122C400140B8B /* Api.swift */; };
		2666147E28F3A00B00ABA5D8 /* DetailSettingView.swift in Sources */ = {isa = PBXBuildFile; fileRef = 2666147D28F3A00B00ABA5D8 /* DetailSettingView.swift */; };
		2666148028F3A01000ABA5D8 /* DetailSettingViewModel.swift in Sources */ = {isa = PBXBuildFile; fileRef = 2666147F28F3A01000ABA5D8 /* DetailSettingViewModel.swift */; };
		2666148328F3A02C00ABA5D8 /* BluePrintView.swift in Sources */ = {isa = PBXBuildFile; fileRef = 2666148228F3A02C00ABA5D8 /* BluePrintView.swift */; };
		2666148528F3A05800ABA5D8 /* BluePrintViewModel.swift in Sources */ = {isa = PBXBuildFile; fileRef = 2666148428F3A05800ABA5D8 /* BluePrintViewModel.swift */; };
		2666148828F3B9AD00ABA5D8 /* CheckPermissionView.swift in Sources */ = {isa = PBXBuildFile; fileRef = 2666148728F3B9AD00ABA5D8 /* CheckPermissionView.swift */; };
		2666148A28F3B9B600ABA5D8 /* CheckPermissionViewModel.swift in Sources */ = {isa = PBXBuildFile; fileRef = 2666148928F3B9B600ABA5D8 /* CheckPermissionViewModel.swift */; };
		2666149428F3CF6D00ABA5D8 /* BoardMainView.swift in Sources */ = {isa = PBXBuildFile; fileRef = 2666149328F3CF6D00ABA5D8 /* BoardMainView.swift */; };
		2666149628F3CF7500ABA5D8 /* BoardMainViewModel.swift in Sources */ = {isa = PBXBuildFile; fileRef = 2666149528F3CF7500ABA5D8 /* BoardMainViewModel.swift */; };
		2666149828F3D24D00ABA5D8 /* GoogleService-Info.plist in Resources */ = {isa = PBXBuildFile; fileRef = 2666149728F3D24D00ABA5D8 /* GoogleService-Info.plist */; };
		2666149B28F3EB2400ABA5D8 /* WriteBoardView.swift in Sources */ = {isa = PBXBuildFile; fileRef = 2666149A28F3EB2400ABA5D8 /* WriteBoardView.swift */; };
		2666149D28F3EB2A00ABA5D8 /* WriteBoardViewModel.swift in Sources */ = {isa = PBXBuildFile; fileRef = 2666149C28F3EB2A00ABA5D8 /* WriteBoardViewModel.swift */; };
		2666149F28F3EE5300ABA5D8 /* MultilineTextView.swift in Sources */ = {isa = PBXBuildFile; fileRef = 2666149E28F3EE5300ABA5D8 /* MultilineTextView.swift */; };
		266EC64728F404CE00099902 /* SelectWeatherView.swift in Sources */ = {isa = PBXBuildFile; fileRef = 266EC64628F404CE00099902 /* SelectWeatherView.swift */; };
		266EC64928F404D500099902 /* SelectWeatherViewModel.swift in Sources */ = {isa = PBXBuildFile; fileRef = 266EC64828F404D500099902 /* SelectWeatherViewModel.swift */; };
		63705AEF28ED118B0079DB37 /* Assets.xcassets in Resources */ = {isa = PBXBuildFile; fileRef = 63705AEE28ED118B0079DB37 /* Assets.xcassets */; };
		63705AF228ED118B0079DB37 /* Preview Assets.xcassets in Resources */ = {isa = PBXBuildFile; fileRef = 63705AF128ED118B0079DB37 /* Preview Assets.xcassets */; };
		63705B0528ED17960079DB37 /* SceneDelegate.swift in Sources */ = {isa = PBXBuildFile; fileRef = 63705B0428ED17960079DB37 /* SceneDelegate.swift */; };
		63705B0728ED179C0079DB37 /* AppDelegate.swift in Sources */ = {isa = PBXBuildFile; fileRef = 63705B0628ED179C0079DB37 /* AppDelegate.swift */; };
		63705B0A28ED17AC0079DB37 /* Coordinator.swift in Sources */ = {isa = PBXBuildFile; fileRef = 63705B0928ED17AC0079DB37 /* Coordinator.swift */; };
		63705B0C28ED17BA0079DB37 /* AppCoordinator.swift in Sources */ = {isa = PBXBuildFile; fileRef = 63705B0B28ED17BA0079DB37 /* AppCoordinator.swift */; };
		63705B0F28ED199A0079DB37 /* BaseViewModel.swift in Sources */ = {isa = PBXBuildFile; fileRef = 63705B0E28ED199A0079DB37 /* BaseViewModel.swift */; };
		63705B1128ED19A10079DB37 /* BaseViewController.swift in Sources */ = {isa = PBXBuildFile; fileRef = 63705B1028ED19A10079DB37 /* BaseViewController.swift */; };
		63705B1528ED1C230079DB37 /* SplashView.swift in Sources */ = {isa = PBXBuildFile; fileRef = 63705B1428ED1C230079DB37 /* SplashView.swift */; };
		63705B1728ED1C290079DB37 /* SplashViewModel.swift in Sources */ = {isa = PBXBuildFile; fileRef = 63705B1628ED1C290079DB37 /* SplashViewModel.swift */; };
		63705B1A28ED1C6A0079DB37 /* Util.swift in Sources */ = {isa = PBXBuildFile; fileRef = 63705B1928ED1C6A0079DB37 /* Util.swift */; };
		63705B1D28ED3E060079DB37 /* MainView.swift in Sources */ = {isa = PBXBuildFile; fileRef = 63705B1C28ED3E060079DB37 /* MainView.swift */; };
		63705B1F28ED3E0D0079DB37 /* MainViewModel.swift in Sources */ = {isa = PBXBuildFile; fileRef = 63705B1E28ED3E0D0079DB37 /* MainViewModel.swift */; };
		63705B2228ED3E1B0079DB37 /* SelectLocationView.swift in Sources */ = {isa = PBXBuildFile; fileRef = 63705B2128ED3E1B0079DB37 /* SelectLocationView.swift */; };
		63705B2428ED3E280079DB37 /* SelectLocationViewModel.swift in Sources */ = {isa = PBXBuildFile; fileRef = 63705B2328ED3E280079DB37 /* SelectLocationViewModel.swift */; };
		63705B2728ED3E940079DB37 /* SettingView.swift in Sources */ = {isa = PBXBuildFile; fileRef = 63705B2628ED3E940079DB37 /* SettingView.swift */; };
		63705B2928ED3E9A0079DB37 /* SettingViewModel.swift in Sources */ = {isa = PBXBuildFile; fileRef = 63705B2828ED3E9A0079DB37 /* SettingViewModel.swift */; };
		63705B2C28ED3F430079DB37 /* DataResponse.swift in Sources */ = {isa = PBXBuildFile; fileRef = 63705B2B28ED3F430079DB37 /* DataResponse.swift */; };
		63705B2F28ED3F550079DB37 /* SwiftExtension.swift in Sources */ = {isa = PBXBuildFile; fileRef = 63705B2E28ED3F550079DB37 /* SwiftExtension.swift */; };
		63705B3328ED3F6D0079DB37 /* Defaults.swift in Sources */ = {isa = PBXBuildFile; fileRef = 63705B3228ED3F6D0079DB37 /* Defaults.swift */; };
		6370A59228F5006800676D6E /* SwiftUIPager in Frameworks */ = {isa = PBXBuildFile; productRef = 6370A59128F5006800676D6E /* SwiftUIPager */; };
		6370A59528F5007D00676D6E /* Alamofire in Frameworks */ = {isa = PBXBuildFile; productRef = 6370A59428F5007D00676D6E /* Alamofire */; };
		6370A59828F5008700676D6E /* Realm in Frameworks */ = {isa = PBXBuildFile; productRef = 6370A59728F5008700676D6E /* Realm */; };
		6370A59A28F5008700676D6E /* RealmSwift in Frameworks */ = {isa = PBXBuildFile; productRef = 6370A59928F5008700676D6E /* RealmSwift */; };
		6370A59D28F5009200676D6E /* Lottie in Frameworks */ = {isa = PBXBuildFile; productRef = 6370A59C28F5009200676D6E /* Lottie */; };
		6370A5A028F500BF00676D6E /* FirebaseAnalytics in Frameworks */ = {isa = PBXBuildFile; productRef = 6370A59F28F500BF00676D6E /* FirebaseAnalytics */; };
		6370A5A228F500BF00676D6E /* FirebaseFirestore in Frameworks */ = {isa = PBXBuildFile; productRef = 6370A5A128F500BF00676D6E /* FirebaseFirestore */; };
		6370A5A428F500BF00676D6E /* FirebaseFirestoreSwift in Frameworks */ = {isa = PBXBuildFile; productRef = 6370A5A328F500BF00676D6E /* FirebaseFirestoreSwift */; };
		63D80CDA28EE695F0090A3ED /* Topbar.swift in Sources */ = {isa = PBXBuildFile; fileRef = 63D80CD928EE695F0090A3ED /* Topbar.swift */; };
		63D80CDC28EE88140090A3ED /* WeatherData.swift in Sources */ = {isa = PBXBuildFile; fileRef = 63D80CDB28EE88140090A3ED /* WeatherData.swift */; };
/* End PBXBuildFile section */

/* Begin PBXFileReference section */
		26231B3028F0645A001DE70F /* Config.xcconfig */ = {isa = PBXFileReference; lastKnownFileType = text.xcconfig; path = Config.xcconfig; sourceTree = "<group>"; };
		26379B6028F27B790028E76F /* splash.json */ = {isa = PBXFileReference; fileEncoding = 4; lastKnownFileType = text.json; path = splash.json; sourceTree = "<group>"; };
		26379B6128F27B790028E76F /* loading.json */ = {isa = PBXFileReference; fileEncoding = 4; lastKnownFileType = text.json; path = loading.json; sourceTree = "<group>"; };
		2643FF0B28F1741100EF73E6 /* EmailSender.swift */ = {isa = PBXFileReference; lastKnownFileType = sourcecode.swift; path = EmailSender.swift; sourceTree = "<group>"; };
		2643FF0E28F174EB00EF73E6 /* PolicyView.swift */ = {isa = PBXFileReference; lastKnownFileType = sourcecode.swift; path = PolicyView.swift; sourceTree = "<group>"; };
		2643FF1028F174F200EF73E6 /* PolicyViewModel.swift */ = {isa = PBXFileReference; lastKnownFileType = sourcecode.swift; path = PolicyViewModel.swift; sourceTree = "<group>"; };
		2643FF1328F1750500EF73E6 /* DevInfoView.swift */ = {isa = PBXFileReference; lastKnownFileType = sourcecode.swift; path = DevInfoView.swift; sourceTree = "<group>"; };
		2643FF1528F1750A00EF73E6 /* DevInfoViewModel.swift */ = {isa = PBXFileReference; lastKnownFileType = sourcecode.swift; path = DevInfoViewModel.swift; sourceTree = "<group>"; };
		2643FF1728F1791A00EF73E6 /* policy.html */ = {isa = PBXFileReference; fileEncoding = 4; lastKnownFileType = text.html; path = policy.html; sourceTree = "<group>"; };
		2643FF1928F17A3B00EF73E6 /* WebView.swift */ = {isa = PBXFileReference; lastKnownFileType = sourcecode.swift; path = WebView.swift; sourceTree = "<group>"; };
		2643FF1E28F17D6E00EF73E6 /* SendEmailView.swift */ = {isa = PBXFileReference; lastKnownFileType = sourcecode.swift; path = SendEmailView.swift; sourceTree = "<group>"; };
		2643FF2028F17D7600EF73E6 /* SendEmailViewModel.swift */ = {isa = PBXFileReference; lastKnownFileType = sourcecode.swift; path = SendEmailViewModel.swift; sourceTree = "<group>"; };
		26498BDB28F28D7E00E89FB2 /* LottieView.swift */ = {isa = PBXFileReference; lastKnownFileType = sourcecode.swift; path = LottieView.swift; sourceTree = "<group>"; };
		26498BDD28F28E6B00E89FB2 /* ProgressView.swift */ = {isa = PBXFileReference; lastKnownFileType = sourcecode.swift; path = ProgressView.swift; sourceTree = "<group>"; };
		26498BE028F296DA00E89FB2 /* AlertView.swift */ = {isa = PBXFileReference; lastKnownFileType = sourcecode.swift; path = AlertView.swift; sourceTree = "<group>"; };
		26498BE228F296E600E89FB2 /* AlertViewModel.swift */ = {isa = PBXFileReference; lastKnownFileType = sourcecode.swift; path = AlertViewModel.swift; sourceTree = "<group>"; };
		26517B1D28F2FF1500F2C280 /* NotiSettingView.swift */ = {isa = PBXFileReference; lastKnownFileType = sourcecode.swift; path = NotiSettingView.swift; sourceTree = "<group>"; };
		26517B1F28F2FF1C00F2C280 /* NotiSettingViewModel.swift */ = {isa = PBXFileReference; lastKnownFileType = sourcecode.swift; path = NotiSettingViewModel.swift; sourceTree = "<group>"; };
		2656A86C28F122C400140B8B /* Api.swift */ = {isa = PBXFileReference; lastKnownFileType = sourcecode.swift; path = Api.swift; sourceTree = "<group>"; };
		2666147D28F3A00B00ABA5D8 /* DetailSettingView.swift */ = {isa = PBXFileReference; lastKnownFileType = sourcecode.swift; path = DetailSettingView.swift; sourceTree = "<group>"; };
		2666147F28F3A01000ABA5D8 /* DetailSettingViewModel.swift */ = {isa = PBXFileReference; lastKnownFileType = sourcecode.swift; path = DetailSettingViewModel.swift; sourceTree = "<group>"; };
		2666148228F3A02C00ABA5D8 /* BluePrintView.swift */ = {isa = PBXFileReference; lastKnownFileType = sourcecode.swift; path = BluePrintView.swift; sourceTree = "<group>"; };
		2666148428F3A05800ABA5D8 /* BluePrintViewModel.swift */ = {isa = PBXFileReference; lastKnownFileType = sourcecode.swift; path = BluePrintViewModel.swift; sourceTree = "<group>"; };
		2666148728F3B9AD00ABA5D8 /* CheckPermissionView.swift */ = {isa = PBXFileReference; lastKnownFileType = sourcecode.swift; path = CheckPermissionView.swift; sourceTree = "<group>"; };
		2666148928F3B9B600ABA5D8 /* CheckPermissionViewModel.swift */ = {isa = PBXFileReference; lastKnownFileType = sourcecode.swift; path = CheckPermissionViewModel.swift; sourceTree = "<group>"; };
		2666149328F3CF6D00ABA5D8 /* BoardMainView.swift */ = {isa = PBXFileReference; lastKnownFileType = sourcecode.swift; path = BoardMainView.swift; sourceTree = "<group>"; };
		2666149528F3CF7500ABA5D8 /* BoardMainViewModel.swift */ = {isa = PBXFileReference; lastKnownFileType = sourcecode.swift; path = BoardMainViewModel.swift; sourceTree = "<group>"; };
		2666149728F3D24D00ABA5D8 /* GoogleService-Info.plist */ = {isa = PBXFileReference; fileEncoding = 4; lastKnownFileType = text.plist.xml; name = "GoogleService-Info.plist"; path = "Delegate/GoogleService-Info.plist"; sourceTree = "<group>"; };
		2666149A28F3EB2400ABA5D8 /* WriteBoardView.swift */ = {isa = PBXFileReference; lastKnownFileType = sourcecode.swift; path = WriteBoardView.swift; sourceTree = "<group>"; };
		2666149C28F3EB2A00ABA5D8 /* WriteBoardViewModel.swift */ = {isa = PBXFileReference; lastKnownFileType = sourcecode.swift; path = WriteBoardViewModel.swift; sourceTree = "<group>"; };
		2666149E28F3EE5300ABA5D8 /* MultilineTextView.swift */ = {isa = PBXFileReference; lastKnownFileType = sourcecode.swift; path = MultilineTextView.swift; sourceTree = "<group>"; };
		266EC64628F404CE00099902 /* SelectWeatherView.swift */ = {isa = PBXFileReference; lastKnownFileType = sourcecode.swift; path = SelectWeatherView.swift; sourceTree = "<group>"; };
		266EC64828F404D500099902 /* SelectWeatherViewModel.swift */ = {isa = PBXFileReference; lastKnownFileType = sourcecode.swift; path = SelectWeatherViewModel.swift; sourceTree = "<group>"; };
		63705AE728ED118A0079DB37 /* Weather.app */ = {isa = PBXFileReference; explicitFileType = wrapper.application; includeInIndex = 0; path = Weather.app; sourceTree = BUILT_PRODUCTS_DIR; };
		63705AEE28ED118B0079DB37 /* Assets.xcassets */ = {isa = PBXFileReference; lastKnownFileType = folder.assetcatalog; path = Assets.xcassets; sourceTree = "<group>"; };
		63705AF128ED118B0079DB37 /* Preview Assets.xcassets */ = {isa = PBXFileReference; lastKnownFileType = folder.assetcatalog; path = "Preview Assets.xcassets"; sourceTree = "<group>"; };
		63705B0428ED17960079DB37 /* SceneDelegate.swift */ = {isa = PBXFileReference; lastKnownFileType = sourcecode.swift; path = SceneDelegate.swift; sourceTree = "<group>"; };
		63705B0628ED179C0079DB37 /* AppDelegate.swift */ = {isa = PBXFileReference; lastKnownFileType = sourcecode.swift; path = AppDelegate.swift; sourceTree = "<group>"; };
		63705B0928ED17AC0079DB37 /* Coordinator.swift */ = {isa = PBXFileReference; lastKnownFileType = sourcecode.swift; path = Coordinator.swift; sourceTree = "<group>"; };
		63705B0B28ED17BA0079DB37 /* AppCoordinator.swift */ = {isa = PBXFileReference; lastKnownFileType = sourcecode.swift; path = AppCoordinator.swift; sourceTree = "<group>"; };
		63705B0E28ED199A0079DB37 /* BaseViewModel.swift */ = {isa = PBXFileReference; lastKnownFileType = sourcecode.swift; path = BaseViewModel.swift; sourceTree = "<group>"; };
		63705B1028ED19A10079DB37 /* BaseViewController.swift */ = {isa = PBXFileReference; lastKnownFileType = sourcecode.swift; path = BaseViewController.swift; sourceTree = "<group>"; };
		63705B1428ED1C230079DB37 /* SplashView.swift */ = {isa = PBXFileReference; lastKnownFileType = sourcecode.swift; path = SplashView.swift; sourceTree = "<group>"; };
		63705B1628ED1C290079DB37 /* SplashViewModel.swift */ = {isa = PBXFileReference; lastKnownFileType = sourcecode.swift; path = SplashViewModel.swift; sourceTree = "<group>"; };
		63705B1928ED1C6A0079DB37 /* Util.swift */ = {isa = PBXFileReference; lastKnownFileType = sourcecode.swift; path = Util.swift; sourceTree = "<group>"; };
		63705B1C28ED3E060079DB37 /* MainView.swift */ = {isa = PBXFileReference; lastKnownFileType = sourcecode.swift; path = MainView.swift; sourceTree = "<group>"; };
		63705B1E28ED3E0D0079DB37 /* MainViewModel.swift */ = {isa = PBXFileReference; lastKnownFileType = sourcecode.swift; path = MainViewModel.swift; sourceTree = "<group>"; };
		63705B2128ED3E1B0079DB37 /* SelectLocationView.swift */ = {isa = PBXFileReference; lastKnownFileType = sourcecode.swift; path = SelectLocationView.swift; sourceTree = "<group>"; };
		63705B2328ED3E280079DB37 /* SelectLocationViewModel.swift */ = {isa = PBXFileReference; lastKnownFileType = sourcecode.swift; path = SelectLocationViewModel.swift; sourceTree = "<group>"; };
		63705B2628ED3E940079DB37 /* SettingView.swift */ = {isa = PBXFileReference; lastKnownFileType = sourcecode.swift; path = SettingView.swift; sourceTree = "<group>"; };
		63705B2828ED3E9A0079DB37 /* SettingViewModel.swift */ = {isa = PBXFileReference; lastKnownFileType = sourcecode.swift; path = SettingViewModel.swift; sourceTree = "<group>"; };
		63705B2B28ED3F430079DB37 /* DataResponse.swift */ = {isa = PBXFileReference; lastKnownFileType = sourcecode.swift; path = DataResponse.swift; sourceTree = "<group>"; };
		63705B2E28ED3F550079DB37 /* SwiftExtension.swift */ = {isa = PBXFileReference; lastKnownFileType = sourcecode.swift; path = SwiftExtension.swift; sourceTree = "<group>"; };
		63705B3228ED3F6D0079DB37 /* Defaults.swift */ = {isa = PBXFileReference; lastKnownFileType = sourcecode.swift; path = Defaults.swift; sourceTree = "<group>"; };
		63705B3528ED73890079DB37 /* Info.plist */ = {isa = PBXFileReference; lastKnownFileType = text.plist; path = Info.plist; sourceTree = "<group>"; };
		63D80CD928EE695F0090A3ED /* Topbar.swift */ = {isa = PBXFileReference; lastKnownFileType = sourcecode.swift; path = Topbar.swift; sourceTree = "<group>"; };
		63D80CDB28EE88140090A3ED /* WeatherData.swift */ = {isa = PBXFileReference; lastKnownFileType = sourcecode.swift; path = WeatherData.swift; sourceTree = "<group>"; };
/* End PBXFileReference section */

/* Begin PBXFrameworksBuildPhase section */
		63705AE428ED118A0079DB37 /* Frameworks */ = {
			isa = PBXFrameworksBuildPhase;
			buildActionMask = 2147483647;
			files = (
				6370A59D28F5009200676D6E /* Lottie in Frameworks */,
				6370A59A28F5008700676D6E /* RealmSwift in Frameworks */,
				6370A5A028F500BF00676D6E /* FirebaseAnalytics in Frameworks */,
				6370A59828F5008700676D6E /* Realm in Frameworks */,
				6370A59228F5006800676D6E /* SwiftUIPager in Frameworks */,
				6370A59528F5007D00676D6E /* Alamofire in Frameworks */,
				6370A5A228F500BF00676D6E /* FirebaseFirestore in Frameworks */,
				6370A5A428F500BF00676D6E /* FirebaseFirestoreSwift in Frameworks */,
			);
			runOnlyForDeploymentPostprocessing = 0;
		};
/* End PBXFrameworksBuildPhase section */

/* Begin PBXGroup section */
		26379B6428F27B820028E76F /* Resource */ = {
			isa = PBXGroup;
			children = (
				26379B6128F27B790028E76F /* loading.json */,
				26379B6028F27B790028E76F /* splash.json */,
			);
			path = Resource;
			sourceTree = "<group>";
		};
		2643FF0D28F174DC00EF73E6 /* PolicyView */ = {
			isa = PBXGroup;
			children = (
				2643FF0E28F174EB00EF73E6 /* PolicyView.swift */,
				2643FF1028F174F200EF73E6 /* PolicyViewModel.swift */,
			);
			path = PolicyView;
			sourceTree = "<group>";
		};
		2643FF1228F174F500EF73E6 /* DevInfo */ = {
			isa = PBXGroup;
			children = (
				2643FF1328F1750500EF73E6 /* DevInfoView.swift */,
				2643FF1528F1750A00EF73E6 /* DevInfoViewModel.swift */,
			);
			path = DevInfo;
			sourceTree = "<group>";
		};
		2643FF1D28F17D6300EF73E6 /* SendEmail */ = {
			isa = PBXGroup;
			children = (
				2643FF1E28F17D6E00EF73E6 /* SendEmailView.swift */,
				2643FF2028F17D7600EF73E6 /* SendEmailViewModel.swift */,
			);
			path = SendEmail;
			sourceTree = "<group>";
		};
		26498BDF28F296D100E89FB2 /* Alert */ = {
			isa = PBXGroup;
			children = (
				26498BE028F296DA00E89FB2 /* AlertView.swift */,
				26498BE228F296E600E89FB2 /* AlertViewModel.swift */,
			);
			path = Alert;
			sourceTree = "<group>";
		};
		26517B1C28F2FF0100F2C280 /* NotiSetting */ = {
			isa = PBXGroup;
			children = (
				26517B1D28F2FF1500F2C280 /* NotiSettingView.swift */,
				26517B1F28F2FF1C00F2C280 /* NotiSettingViewModel.swift */,
			);
			path = NotiSetting;
			sourceTree = "<group>";
		};
		2666147C28F39FF200ABA5D8 /* DetailSetting */ = {
			isa = PBXGroup;
			children = (
				2666147D28F3A00B00ABA5D8 /* DetailSettingView.swift */,
				2666147F28F3A01000ABA5D8 /* DetailSettingViewModel.swift */,
			);
			path = DetailSetting;
			sourceTree = "<group>";
		};
		2666148128F3A02100ABA5D8 /* BluePrint */ = {
			isa = PBXGroup;
			children = (
				2666148228F3A02C00ABA5D8 /* BluePrintView.swift */,
				2666148428F3A05800ABA5D8 /* BluePrintViewModel.swift */,
			);
			path = BluePrint;
			sourceTree = "<group>";
		};
		2666148628F3B99700ABA5D8 /* CheckPermission */ = {
			isa = PBXGroup;
			children = (
				2666148728F3B9AD00ABA5D8 /* CheckPermissionView.swift */,
				2666148928F3B9B600ABA5D8 /* CheckPermissionViewModel.swift */,
			);
			path = CheckPermission;
			sourceTree = "<group>";
		};
		2666149228F3CF6400ABA5D8 /* Board */ = {
			isa = PBXGroup;
			children = (
				266EC64528F404BC00099902 /* SelectWeather */,
				2666149928F3EB0600ABA5D8 /* WriteBoard */,
				2666149328F3CF6D00ABA5D8 /* BoardMainView.swift */,
				2666149528F3CF7500ABA5D8 /* BoardMainViewModel.swift */,
			);
			path = Board;
			sourceTree = "<group>";
		};
		2666149928F3EB0600ABA5D8 /* WriteBoard */ = {
			isa = PBXGroup;
			children = (
				2666149A28F3EB2400ABA5D8 /* WriteBoardView.swift */,
				2666149C28F3EB2A00ABA5D8 /* WriteBoardViewModel.swift */,
			);
			path = WriteBoard;
			sourceTree = "<group>";
		};
		266EC64528F404BC00099902 /* SelectWeather */ = {
			isa = PBXGroup;
			children = (
				266EC64628F404CE00099902 /* SelectWeatherView.swift */,
				266EC64828F404D500099902 /* SelectWeatherViewModel.swift */,
			);
			path = SelectWeather;
			sourceTree = "<group>";
		};
		63705ADE28ED118A0079DB37 = {
			isa = PBXGroup;
			children = (
				63705AE928ED118A0079DB37 /* Weather */,
				63705AE828ED118A0079DB37 /* Products */,
			);
			sourceTree = "<group>";
		};
		63705AE828ED118A0079DB37 /* Products */ = {
			isa = PBXGroup;
			children = (
				63705AE728ED118A0079DB37 /* Weather.app */,
			);
			name = Products;
			sourceTree = "<group>";
		};
		63705AE928ED118A0079DB37 /* Weather */ = {
			isa = PBXGroup;
			children = (
				26379B6428F27B820028E76F /* Resource */,
				63705B3528ED73890079DB37 /* Info.plist */,
				63705B1228ED1C130079DB37 /* UI */,
				63705B2A28ED3F3C0079DB37 /* Data */,
				63705B1828ED1C5A0079DB37 /* Common */,
				63705B0D28ED198B0079DB37 /* Base */,
				63705B0828ED179F0079DB37 /* coordinator */,
				63705B0328ED17860079DB37 /* Delegate */,
				63705AEE28ED118B0079DB37 /* Assets.xcassets */,
				2666149728F3D24D00ABA5D8 /* GoogleService-Info.plist */,
				2643FF1728F1791A00EF73E6 /* policy.html */,
				63705AF028ED118B0079DB37 /* Preview Content */,
				26231B3028F0645A001DE70F /* Config.xcconfig */,
			);
			path = Weather;
			sourceTree = "<group>";
		};
		63705AF028ED118B0079DB37 /* Preview Content */ = {
			isa = PBXGroup;
			children = (
				63705AF128ED118B0079DB37 /* Preview Assets.xcassets */,
			);
			path = "Preview Content";
			sourceTree = "<group>";
		};
		63705B0328ED17860079DB37 /* Delegate */ = {
			isa = PBXGroup;
			children = (
				63705B0428ED17960079DB37 /* SceneDelegate.swift */,
				63705B0628ED179C0079DB37 /* AppDelegate.swift */,
			);
			path = Delegate;
			sourceTree = "<group>";
		};
		63705B0828ED179F0079DB37 /* coordinator */ = {
			isa = PBXGroup;
			children = (
				63705B0928ED17AC0079DB37 /* Coordinator.swift */,
				63705B0B28ED17BA0079DB37 /* AppCoordinator.swift */,
			);
			path = coordinator;
			sourceTree = "<group>";
		};
		63705B0D28ED198B0079DB37 /* Base */ = {
			isa = PBXGroup;
			children = (
				63705B0E28ED199A0079DB37 /* BaseViewModel.swift */,
				63705B1028ED19A10079DB37 /* BaseViewController.swift */,
			);
			path = Base;
			sourceTree = "<group>";
		};
		63705B1228ED1C130079DB37 /* UI */ = {
			isa = PBXGroup;
			children = (
				2666148128F3A02100ABA5D8 /* BluePrint */,
				2666149228F3CF6400ABA5D8 /* Board */,
				63D80CD828EE694E0090A3ED /* CustomView */,
				63705B2528ED3E870079DB37 /* Setting */,
				63705B2028ED3E0F0079DB37 /* SelectLocation */,
				63705B1B28ED3DFE0079DB37 /* Main */,
				63705B1328ED1C180079DB37 /* Splash */,
			);
			path = UI;
			sourceTree = "<group>";
		};
		63705B1328ED1C180079DB37 /* Splash */ = {
			isa = PBXGroup;
			children = (
				63705B1428ED1C230079DB37 /* SplashView.swift */,
				63705B1628ED1C290079DB37 /* SplashViewModel.swift */,
			);
			path = Splash;
			sourceTree = "<group>";
		};
		63705B1828ED1C5A0079DB37 /* Common */ = {
			isa = PBXGroup;
			children = (
				26498BDF28F296D100E89FB2 /* Alert */,
				63705B1928ED1C6A0079DB37 /* Util.swift */,
				63705B2E28ED3F550079DB37 /* SwiftExtension.swift */,
				63705B3228ED3F6D0079DB37 /* Defaults.swift */,
				2656A86C28F122C400140B8B /* Api.swift */,
			);
			path = Common;
			sourceTree = "<group>";
		};
		63705B1B28ED3DFE0079DB37 /* Main */ = {
			isa = PBXGroup;
			children = (
				63705B1C28ED3E060079DB37 /* MainView.swift */,
				63705B1E28ED3E0D0079DB37 /* MainViewModel.swift */,
			);
			path = Main;
			sourceTree = "<group>";
		};
		63705B2028ED3E0F0079DB37 /* SelectLocation */ = {
			isa = PBXGroup;
			children = (
				63705B2128ED3E1B0079DB37 /* SelectLocationView.swift */,
				63705B2328ED3E280079DB37 /* SelectLocationViewModel.swift */,
			);
			path = SelectLocation;
			sourceTree = "<group>";
		};
		63705B2528ED3E870079DB37 /* Setting */ = {
			isa = PBXGroup;
			children = (
				2666148628F3B99700ABA5D8 /* CheckPermission */,
				2666147C28F39FF200ABA5D8 /* DetailSetting */,
				26517B1C28F2FF0100F2C280 /* NotiSetting */,
				2643FF1D28F17D6300EF73E6 /* SendEmail */,
				2643FF1228F174F500EF73E6 /* DevInfo */,
				2643FF0D28F174DC00EF73E6 /* PolicyView */,
				63705B2628ED3E940079DB37 /* SettingView.swift */,
				63705B2828ED3E9A0079DB37 /* SettingViewModel.swift */,
			);
			path = Setting;
			sourceTree = "<group>";
		};
		63705B2A28ED3F3C0079DB37 /* Data */ = {
			isa = PBXGroup;
			children = (
				63705B2B28ED3F430079DB37 /* DataResponse.swift */,
				63D80CDB28EE88140090A3ED /* WeatherData.swift */,
			);
			path = Data;
			sourceTree = "<group>";
		};
		63D80CD828EE694E0090A3ED /* CustomView */ = {
			isa = PBXGroup;
			children = (
				63D80CD928EE695F0090A3ED /* Topbar.swift */,
				2643FF1928F17A3B00EF73E6 /* WebView.swift */,
				2643FF0B28F1741100EF73E6 /* EmailSender.swift */,
				26498BDB28F28D7E00E89FB2 /* LottieView.swift */,
				26498BDD28F28E6B00E89FB2 /* ProgressView.swift */,
				2666149E28F3EE5300ABA5D8 /* MultilineTextView.swift */,
			);
			path = CustomView;
			sourceTree = "<group>";
		};
/* End PBXGroup section */

/* Begin PBXNativeTarget section */
		63705AE628ED118A0079DB37 /* Weather */ = {
			isa = PBXNativeTarget;
			buildConfigurationList = 63705AF528ED118B0079DB37 /* Build configuration list for PBXNativeTarget "Weather" */;
			buildPhases = (
				63705AE328ED118A0079DB37 /* Sources */,
				63705AE428ED118A0079DB37 /* Frameworks */,
				63705AE528ED118A0079DB37 /* Resources */,
			);
			buildRules = (
			);
			dependencies = (
			);
			name = Weather;
			packageProductDependencies = (
				6370A59128F5006800676D6E /* SwiftUIPager */,
				6370A59428F5007D00676D6E /* Alamofire */,
				6370A59728F5008700676D6E /* Realm */,
				6370A59928F5008700676D6E /* RealmSwift */,
				6370A59C28F5009200676D6E /* Lottie */,
				6370A59F28F500BF00676D6E /* FirebaseAnalytics */,
				6370A5A128F500BF00676D6E /* FirebaseFirestore */,
				6370A5A328F500BF00676D6E /* FirebaseFirestoreSwift */,
			);
			productName = Weather;
			productReference = 63705AE728ED118A0079DB37 /* Weather.app */;
			productType = "com.apple.product-type.application";
		};
/* End PBXNativeTarget section */

/* Begin PBXProject section */
		63705ADF28ED118A0079DB37 /* Project object */ = {
			isa = PBXProject;
			attributes = {
				BuildIndependentTargetsInParallel = 1;
				LastSwiftUpdateCheck = 1340;
				LastUpgradeCheck = 1340;
				TargetAttributes = {
					63705AE628ED118A0079DB37 = {
						CreatedOnToolsVersion = 13.4.1;
					};
				};
			};
			buildConfigurationList = 63705AE228ED118A0079DB37 /* Build configuration list for PBXProject "Weather" */;
			compatibilityVersion = "Xcode 13.0";
			developmentRegion = en;
			hasScannedForEncodings = 0;
			knownRegions = (
				en,
				Base,
			);
			mainGroup = 63705ADE28ED118A0079DB37;
			packageReferences = (
				6370A59028F5006800676D6E /* XCRemoteSwiftPackageReference "SwiftUIPager" */,
				6370A59328F5007D00676D6E /* XCRemoteSwiftPackageReference "Alamofire" */,
				6370A59628F5008700676D6E /* XCRemoteSwiftPackageReference "realm-swift" */,
				6370A59B28F5009200676D6E /* XCRemoteSwiftPackageReference "lottie-ios" */,
				6370A59E28F500BF00676D6E /* XCRemoteSwiftPackageReference "firebase-ios-sdk" */,
			);
			productRefGroup = 63705AE828ED118A0079DB37 /* Products */;
			projectDirPath = "";
			projectRoot = "";
			targets = (
				63705AE628ED118A0079DB37 /* Weather */,
			);
		};
/* End PBXProject section */

/* Begin PBXResourcesBuildPhase section */
		63705AE528ED118A0079DB37 /* Resources */ = {
			isa = PBXResourcesBuildPhase;
			buildActionMask = 2147483647;
			files = (
				63705AF228ED118B0079DB37 /* Preview Assets.xcassets in Resources */,
				2643FF1828F1791A00EF73E6 /* policy.html in Resources */,
				26379B6228F27B790028E76F /* splash.json in Resources */,
				63705AEF28ED118B0079DB37 /* Assets.xcassets in Resources */,
				26379B6328F27B790028E76F /* loading.json in Resources */,
				2666149828F3D24D00ABA5D8 /* GoogleService-Info.plist in Resources */,
			);
			runOnlyForDeploymentPostprocessing = 0;
		};
/* End PBXResourcesBuildPhase section */

/* Begin PBXSourcesBuildPhase section */
		63705AE328ED118A0079DB37 /* Sources */ = {
			isa = PBXSourcesBuildPhase;
			buildActionMask = 2147483647;
			files = (
				2643FF1628F1750A00EF73E6 /* DevInfoViewModel.swift in Sources */,
				63705B1A28ED1C6A0079DB37 /* Util.swift in Sources */,
				2666149F28F3EE5300ABA5D8 /* MultilineTextView.swift in Sources */,
				2666149B28F3EB2400ABA5D8 /* WriteBoardView.swift in Sources */,
				2666149428F3CF6D00ABA5D8 /* BoardMainView.swift in Sources */,
				63705B1D28ED3E060079DB37 /* MainView.swift in Sources */,
				26517B1E28F2FF1500F2C280 /* NotiSettingView.swift in Sources */,
				63705B0C28ED17BA0079DB37 /* AppCoordinator.swift in Sources */,
				266EC64928F404D500099902 /* SelectWeatherViewModel.swift in Sources */,
				63705B2728ED3E940079DB37 /* SettingView.swift in Sources */,
				63705B0728ED179C0079DB37 /* AppDelegate.swift in Sources */,
				63D80CDA28EE695F0090A3ED /* Topbar.swift in Sources */,
				2643FF0F28F174EB00EF73E6 /* PolicyView.swift in Sources */,
				63D80CDC28EE88140090A3ED /* WeatherData.swift in Sources */,
				63705B2228ED3E1B0079DB37 /* SelectLocationView.swift in Sources */,
				63705B2C28ED3F430079DB37 /* DataResponse.swift in Sources */,
				26498BE328F296E600E89FB2 /* AlertViewModel.swift in Sources */,
				2643FF1F28F17D6E00EF73E6 /* SendEmailView.swift in Sources */,
				63705B2F28ED3F550079DB37 /* SwiftExtension.swift in Sources */,
				63705B1F28ED3E0D0079DB37 /* MainViewModel.swift in Sources */,
				2666148A28F3B9B600ABA5D8 /* CheckPermissionViewModel.swift in Sources */,
				26498BE128F296DA00E89FB2 /* AlertView.swift in Sources */,
				2643FF1128F174F200EF73E6 /* PolicyViewModel.swift in Sources */,
				2643FF2128F17D7600EF73E6 /* SendEmailViewModel.swift in Sources */,
				2643FF0C28F1741100EF73E6 /* EmailSender.swift in Sources */,
				26498BDC28F28D7E00E89FB2 /* LottieView.swift in Sources */,
				63705B3328ED3F6D0079DB37 /* Defaults.swift in Sources */,
				2666147E28F3A00B00ABA5D8 /* DetailSettingView.swift in Sources */,
				2656A86D28F122C400140B8B /* Api.swift in Sources */,
				63705B0F28ED199A0079DB37 /* BaseViewModel.swift in Sources */,
				2643FF1428F1750500EF73E6 /* DevInfoView.swift in Sources */,
				63705B0A28ED17AC0079DB37 /* Coordinator.swift in Sources */,
				2666148528F3A05800ABA5D8 /* BluePrintViewModel.swift in Sources */,
				63705B2428ED3E280079DB37 /* SelectLocationViewModel.swift in Sources */,
				2666149D28F3EB2A00ABA5D8 /* WriteBoardViewModel.swift in Sources */,
				63705B2928ED3E9A0079DB37 /* SettingViewModel.swift in Sources */,
				63705B1728ED1C290079DB37 /* SplashViewModel.swift in Sources */,
				63705B1128ED19A10079DB37 /* BaseViewController.swift in Sources */,
				2643FF1A28F17A3B00EF73E6 /* WebView.swift in Sources */,
				2666149628F3CF7500ABA5D8 /* BoardMainViewModel.swift in Sources */,
				26498BDE28F28E6B00E89FB2 /* ProgressView.swift in Sources */,
				2666148028F3A01000ABA5D8 /* DetailSettingViewModel.swift in Sources */,
				26517B2028F2FF1C00F2C280 /* NotiSettingViewModel.swift in Sources */,
				2666148328F3A02C00ABA5D8 /* BluePrintView.swift in Sources */,
				63705B0528ED17960079DB37 /* SceneDelegate.swift in Sources */,
				266EC64728F404CE00099902 /* SelectWeatherView.swift in Sources */,
				63705B1528ED1C230079DB37 /* SplashView.swift in Sources */,
				2666148828F3B9AD00ABA5D8 /* CheckPermissionView.swift in Sources */,
			);
			runOnlyForDeploymentPostprocessing = 0;
		};
/* End PBXSourcesBuildPhase section */

/* Begin XCBuildConfiguration section */
		63705AF328ED118B0079DB37 /* Debug */ = {
			isa = XCBuildConfiguration;
			baseConfigurationReference = 26231B3028F0645A001DE70F /* Config.xcconfig */;
			buildSettings = {
				ALWAYS_SEARCH_USER_PATHS = NO;
				CLANG_ANALYZER_NONNULL = YES;
				CLANG_ANALYZER_NUMBER_OBJECT_CONVERSION = YES_AGGRESSIVE;
				CLANG_CXX_LANGUAGE_STANDARD = "gnu++17";
				CLANG_ENABLE_MODULES = YES;
				CLANG_ENABLE_OBJC_ARC = YES;
				CLANG_ENABLE_OBJC_WEAK = YES;
				CLANG_WARN_BLOCK_CAPTURE_AUTORELEASING = YES;
				CLANG_WARN_BOOL_CONVERSION = YES;
				CLANG_WARN_COMMA = YES;
				CLANG_WARN_CONSTANT_CONVERSION = YES;
				CLANG_WARN_DEPRECATED_OBJC_IMPLEMENTATIONS = YES;
				CLANG_WARN_DIRECT_OBJC_ISA_USAGE = YES_ERROR;
				CLANG_WARN_DOCUMENTATION_COMMENTS = YES;
				CLANG_WARN_EMPTY_BODY = YES;
				CLANG_WARN_ENUM_CONVERSION = YES;
				CLANG_WARN_INFINITE_RECURSION = YES;
				CLANG_WARN_INT_CONVERSION = YES;
				CLANG_WARN_NON_LITERAL_NULL_CONVERSION = YES;
				CLANG_WARN_OBJC_IMPLICIT_RETAIN_SELF = YES;
				CLANG_WARN_OBJC_LITERAL_CONVERSION = YES;
				CLANG_WARN_OBJC_ROOT_CLASS = YES_ERROR;
				CLANG_WARN_QUOTED_INCLUDE_IN_FRAMEWORK_HEADER = YES;
				CLANG_WARN_RANGE_LOOP_ANALYSIS = YES;
				CLANG_WARN_STRICT_PROTOTYPES = YES;
				CLANG_WARN_SUSPICIOUS_MOVE = YES;
				CLANG_WARN_UNGUARDED_AVAILABILITY = YES_AGGRESSIVE;
				CLANG_WARN_UNREACHABLE_CODE = YES;
				CLANG_WARN__DUPLICATE_METHOD_MATCH = YES;
				COPY_PHASE_STRIP = NO;
				DEBUG_INFORMATION_FORMAT = dwarf;
				ENABLE_STRICT_OBJC_MSGSEND = YES;
				ENABLE_TESTABILITY = YES;
				GCC_C_LANGUAGE_STANDARD = gnu11;
				GCC_DYNAMIC_NO_PIC = NO;
				GCC_NO_COMMON_BLOCKS = YES;
				GCC_OPTIMIZATION_LEVEL = 0;
				GCC_PREPROCESSOR_DEFINITIONS = (
					"DEBUG=1",
					"$(inherited)",
				);
				GCC_WARN_64_TO_32_BIT_CONVERSION = YES;
				GCC_WARN_ABOUT_RETURN_TYPE = YES_ERROR;
				GCC_WARN_UNDECLARED_SELECTOR = YES;
				GCC_WARN_UNINITIALIZED_AUTOS = YES_AGGRESSIVE;
				GCC_WARN_UNUSED_FUNCTION = YES;
				GCC_WARN_UNUSED_VARIABLE = YES;
				IPHONEOS_DEPLOYMENT_TARGET = 14.0;
				MTL_ENABLE_DEBUG_INFO = INCLUDE_SOURCE;
				MTL_FAST_MATH = YES;
				ONLY_ACTIVE_ARCH = YES;
				SDKROOT = iphoneos;
				SWIFT_ACTIVE_COMPILATION_CONDITIONS = DEBUG;
				SWIFT_OPTIMIZATION_LEVEL = "-Onone";
			};
			name = Debug;
		};
		63705AF428ED118B0079DB37 /* Release */ = {
			isa = XCBuildConfiguration;
			baseConfigurationReference = 26231B3028F0645A001DE70F /* Config.xcconfig */;
			buildSettings = {
				ALWAYS_SEARCH_USER_PATHS = NO;
				CLANG_ANALYZER_NONNULL = YES;
				CLANG_ANALYZER_NUMBER_OBJECT_CONVERSION = YES_AGGRESSIVE;
				CLANG_CXX_LANGUAGE_STANDARD = "gnu++17";
				CLANG_ENABLE_MODULES = YES;
				CLANG_ENABLE_OBJC_ARC = YES;
				CLANG_ENABLE_OBJC_WEAK = YES;
				CLANG_WARN_BLOCK_CAPTURE_AUTORELEASING = YES;
				CLANG_WARN_BOOL_CONVERSION = YES;
				CLANG_WARN_COMMA = YES;
				CLANG_WARN_CONSTANT_CONVERSION = YES;
				CLANG_WARN_DEPRECATED_OBJC_IMPLEMENTATIONS = YES;
				CLANG_WARN_DIRECT_OBJC_ISA_USAGE = YES_ERROR;
				CLANG_WARN_DOCUMENTATION_COMMENTS = YES;
				CLANG_WARN_EMPTY_BODY = YES;
				CLANG_WARN_ENUM_CONVERSION = YES;
				CLANG_WARN_INFINITE_RECURSION = YES;
				CLANG_WARN_INT_CONVERSION = YES;
				CLANG_WARN_NON_LITERAL_NULL_CONVERSION = YES;
				CLANG_WARN_OBJC_IMPLICIT_RETAIN_SELF = YES;
				CLANG_WARN_OBJC_LITERAL_CONVERSION = YES;
				CLANG_WARN_OBJC_ROOT_CLASS = YES_ERROR;
				CLANG_WARN_QUOTED_INCLUDE_IN_FRAMEWORK_HEADER = YES;
				CLANG_WARN_RANGE_LOOP_ANALYSIS = YES;
				CLANG_WARN_STRICT_PROTOTYPES = YES;
				CLANG_WARN_SUSPICIOUS_MOVE = YES;
				CLANG_WARN_UNGUARDED_AVAILABILITY = YES_AGGRESSIVE;
				CLANG_WARN_UNREACHABLE_CODE = YES;
				CLANG_WARN__DUPLICATE_METHOD_MATCH = YES;
				COPY_PHASE_STRIP = NO;
				DEBUG_INFORMATION_FORMAT = "dwarf-with-dsym";
				ENABLE_NS_ASSERTIONS = NO;
				ENABLE_STRICT_OBJC_MSGSEND = YES;
				GCC_C_LANGUAGE_STANDARD = gnu11;
				GCC_NO_COMMON_BLOCKS = YES;
				GCC_WARN_64_TO_32_BIT_CONVERSION = YES;
				GCC_WARN_ABOUT_RETURN_TYPE = YES_ERROR;
				GCC_WARN_UNDECLARED_SELECTOR = YES;
				GCC_WARN_UNINITIALIZED_AUTOS = YES_AGGRESSIVE;
				GCC_WARN_UNUSED_FUNCTION = YES;
				GCC_WARN_UNUSED_VARIABLE = YES;
				IPHONEOS_DEPLOYMENT_TARGET = 14.0;
				MTL_ENABLE_DEBUG_INFO = NO;
				MTL_FAST_MATH = YES;
				SDKROOT = iphoneos;
				SWIFT_COMPILATION_MODE = wholemodule;
				SWIFT_OPTIMIZATION_LEVEL = "-O";
				VALIDATE_PRODUCT = YES;
			};
			name = Release;
		};
		63705AF628ED118B0079DB37 /* Debug */ = {
			isa = XCBuildConfiguration;
			buildSettings = {
				ASSETCATALOG_COMPILER_APPICON_NAME = AppIcon;
				ASSETCATALOG_COMPILER_GLOBAL_ACCENT_COLOR_NAME = AccentColor;
				CODE_SIGN_IDENTITY = "Apple Development";
				CODE_SIGN_STYLE = Automatic;
				CURRENT_PROJECT_VERSION = 1;
				DEVELOPMENT_ASSET_PATHS = "\"Weather/Preview Content\"";
				DEVELOPMENT_TEAM = 5F78R7RAY4;
				ENABLE_PREVIEWS = YES;
				GENERATE_INFOPLIST_FILE = YES;
				INFOPLIST_FILE = Weather/Info.plist;
				INFOPLIST_KEY_LSApplicationCategoryType = "";
				INFOPLIST_KEY_NSLocationAlwaysAndWhenInUseUsageDescription = "location permission";
				INFOPLIST_KEY_NSLocationWhenInUseUsageDescription = "location permission";
				INFOPLIST_KEY_UIApplicationSupportsIndirectInputEvents = YES;
				INFOPLIST_KEY_UILaunchScreen_Generation = YES;
				INFOPLIST_KEY_UISupportedInterfaceOrientations = UIInterfaceOrientationPortrait;
				INFOPLIST_KEY_UISupportedInterfaceOrientations_iPad = "UIInterfaceOrientationPortrait UIInterfaceOrientationPortraitUpsideDown UIInterfaceOrientationLandscapeLeft UIInterfaceOrientationLandscapeRight";
				INFOPLIST_KEY_UISupportedInterfaceOrientations_iPhone = "UIInterfaceOrientationPortrait UIInterfaceOrientationLandscapeLeft UIInterfaceOrientationLandscapeRight";
				LD_RUNPATH_SEARCH_PATHS = (
					"$(inherited)",
					"@executable_path/Frameworks",
				);
				MARKETING_VERSION = 1.0;
				PRODUCT_BUNDLE_IDENTIFIER = com.sandy.weather;
				PRODUCT_NAME = "$(TARGET_NAME)";
				PROVISIONING_PROFILE_SPECIFIER = "";
				SWIFT_EMIT_LOC_STRINGS = YES;
				SWIFT_VERSION = 5.0;
				TARGETED_DEVICE_FAMILY = "1,2";
			};
			name = Debug;
		};
		63705AF728ED118B0079DB37 /* Release */ = {
			isa = XCBuildConfiguration;
			buildSettings = {
				ASSETCATALOG_COMPILER_APPICON_NAME = AppIcon;
				ASSETCATALOG_COMPILER_GLOBAL_ACCENT_COLOR_NAME = AccentColor;
				CODE_SIGN_IDENTITY = "Apple Development";
				CODE_SIGN_STYLE = Automatic;
				CURRENT_PROJECT_VERSION = 1;
				DEVELOPMENT_ASSET_PATHS = "\"Weather/Preview Content\"";
				DEVELOPMENT_TEAM = 5F78R7RAY4;
				ENABLE_PREVIEWS = YES;
				GENERATE_INFOPLIST_FILE = YES;
				INFOPLIST_FILE = Weather/Info.plist;
				INFOPLIST_KEY_LSApplicationCategoryType = "";
				INFOPLIST_KEY_NSLocationAlwaysAndWhenInUseUsageDescription = "location permission";
				INFOPLIST_KEY_NSLocationWhenInUseUsageDescription = "location permission";
				INFOPLIST_KEY_UIApplicationSupportsIndirectInputEvents = YES;
				INFOPLIST_KEY_UILaunchScreen_Generation = YES;
				INFOPLIST_KEY_UISupportedInterfaceOrientations = UIInterfaceOrientationPortrait;
				INFOPLIST_KEY_UISupportedInterfaceOrientations_iPad = "UIInterfaceOrientationPortrait UIInterfaceOrientationPortraitUpsideDown UIInterfaceOrientationLandscapeLeft UIInterfaceOrientationLandscapeRight";
				INFOPLIST_KEY_UISupportedInterfaceOrientations_iPhone = "UIInterfaceOrientationPortrait UIInterfaceOrientationLandscapeLeft UIInterfaceOrientationLandscapeRight";
				LD_RUNPATH_SEARCH_PATHS = (
					"$(inherited)",
					"@executable_path/Frameworks",
				);
				MARKETING_VERSION = 1.0;
				PRODUCT_BUNDLE_IDENTIFIER = com.sandy.weather;
				PRODUCT_NAME = "$(TARGET_NAME)";
				PROVISIONING_PROFILE_SPECIFIER = "";
				SWIFT_EMIT_LOC_STRINGS = YES;
				SWIFT_VERSION = 5.0;
				TARGETED_DEVICE_FAMILY = "1,2";
			};
			name = Release;
		};
/* End XCBuildConfiguration section */

/* Begin XCConfigurationList section */
		63705AE228ED118A0079DB37 /* Build configuration list for PBXProject "Weather" */ = {
			isa = XCConfigurationList;
			buildConfigurations = (
				63705AF328ED118B0079DB37 /* Debug */,
				63705AF428ED118B0079DB37 /* Release */,
			);
			defaultConfigurationIsVisible = 0;
			defaultConfigurationName = Release;
		};
		63705AF528ED118B0079DB37 /* Build configuration list for PBXNativeTarget "Weather" */ = {
			isa = XCConfigurationList;
			buildConfigurations = (
				63705AF628ED118B0079DB37 /* Debug */,
				63705AF728ED118B0079DB37 /* Release */,
			);
			defaultConfigurationIsVisible = 0;
			defaultConfigurationName = Release;
		};
/* End XCConfigurationList section */

/* Begin XCRemoteSwiftPackageReference section */
		6370A59028F5006800676D6E /* XCRemoteSwiftPackageReference "SwiftUIPager" */ = {
			isa = XCRemoteSwiftPackageReference;
			repositoryURL = "https://github.com/fermoya/SwiftUIPager.git";
			requirement = {
				branch = main;
				kind = branch;
			};
		};
		6370A59328F5007D00676D6E /* XCRemoteSwiftPackageReference "Alamofire" */ = {
			isa = XCRemoteSwiftPackageReference;
			repositoryURL = "https://github.com/Alamofire/Alamofire.git";
			requirement = {
				branch = master;
				kind = branch;
			};
		};
		6370A59628F5008700676D6E /* XCRemoteSwiftPackageReference "realm-swift" */ = {
			isa = XCRemoteSwiftPackageReference;
			repositoryURL = "https://github.com/realm/realm-swift.git";
			requirement = {
				branch = master;
				kind = branch;
			};
		};
		6370A59B28F5009200676D6E /* XCRemoteSwiftPackageReference "lottie-ios" */ = {
			isa = XCRemoteSwiftPackageReference;
			repositoryURL = "https://github.com/airbnb/lottie-ios.git";
			requirement = {
				branch = master;
				kind = branch;
			};
		};
		6370A59E28F500BF00676D6E /* XCRemoteSwiftPackageReference "firebase-ios-sdk" */ = {
			isa = XCRemoteSwiftPackageReference;
			repositoryURL = "https://github.com/firebase/firebase-ios-sdk";
			requirement = {
				branch = master;
				kind = branch;
			};
		};
/* End XCRemoteSwiftPackageReference section */

/* Begin XCSwiftPackageProductDependency section */
		6370A59128F5006800676D6E /* SwiftUIPager */ = {
			isa = XCSwiftPackageProductDependency;
			package = 6370A59028F5006800676D6E /* XCRemoteSwiftPackageReference "SwiftUIPager" */;
			productName = SwiftUIPager;
		};
		6370A59428F5007D00676D6E /* Alamofire */ = {
			isa = XCSwiftPackageProductDependency;
			package = 6370A59328F5007D00676D6E /* XCRemoteSwiftPackageReference "Alamofire" */;
			productName = Alamofire;
		};
		6370A59728F5008700676D6E /* Realm */ = {
			isa = XCSwiftPackageProductDependency;
			package = 6370A59628F5008700676D6E /* XCRemoteSwiftPackageReference "realm-swift" */;
			productName = Realm;
		};
		6370A59928F5008700676D6E /* RealmSwift */ = {
			isa = XCSwiftPackageProductDependency;
			package = 6370A59628F5008700676D6E /* XCRemoteSwiftPackageReference "realm-swift" */;
			productName = RealmSwift;
		};
		6370A59C28F5009200676D6E /* Lottie */ = {
			isa = XCSwiftPackageProductDependency;
			package = 6370A59B28F5009200676D6E /* XCRemoteSwiftPackageReference "lottie-ios" */;
			productName = Lottie;
		};
		6370A59F28F500BF00676D6E /* FirebaseAnalytics */ = {
			isa = XCSwiftPackageProductDependency;
			package = 6370A59E28F500BF00676D6E /* XCRemoteSwiftPackageReference "firebase-ios-sdk" */;
			productName = FirebaseAnalytics;
		};
		6370A5A128F500BF00676D6E /* FirebaseFirestore */ = {
			isa = XCSwiftPackageProductDependency;
			package = 6370A59E28F500BF00676D6E /* XCRemoteSwiftPackageReference "firebase-ios-sdk" */;
			productName = FirebaseFirestore;
		};
		6370A5A328F500BF00676D6E /* FirebaseFirestoreSwift */ = {
			isa = XCSwiftPackageProductDependency;
			package = 6370A59E28F500BF00676D6E /* XCRemoteSwiftPackageReference "firebase-ios-sdk" */;
			productName = FirebaseFirestoreSwift;
		};
/* End XCSwiftPackageProductDependency section */
	};
	rootObject = 63705ADF28ED118A0079DB37 /* Project object */;
}
